// !$*UTF8*$!
{
	archiveVersion = 1;
	classes = {
	};
	objectVersion = 50;
	objects = {

/* Begin PBXBuildFile section */
		0D62486424C3DA600085C195 /* HomeView.swift in Sources */ = {isa = PBXBuildFile; fileRef = 0D62486324C3DA600085C195 /* HomeView.swift */; };
		0D62486624C3DA800085C195 /* ReportsView.swift in Sources */ = {isa = PBXBuildFile; fileRef = 0D62486524C3DA800085C195 /* ReportsView.swift */; };
		0D62486824C3DA920085C195 /* SettingsView.swift in Sources */ = {isa = PBXBuildFile; fileRef = 0D62486724C3DA920085C195 /* SettingsView.swift */; };
		0D62486B24C3DAB50085C195 /* BigCategories.swift in Sources */ = {isa = PBXBuildFile; fileRef = 0D62486A24C3DAB50085C195 /* BigCategories.swift */; };
		0D62486D24C3DAC60085C195 /* Physical.swift in Sources */ = {isa = PBXBuildFile; fileRef = 0D62486C24C3DAC60085C195 /* Physical.swift */; };
		0D62486F24C3DAD40085C195 /* Mental.swift in Sources */ = {isa = PBXBuildFile; fileRef = 0D62486E24C3DAD40085C195 /* Mental.swift */; };
		0D62487124C3DB2A0085C195 /* Social.swift in Sources */ = {isa = PBXBuildFile; fileRef = 0D62487024C3DB2A0085C195 /* Social.swift */; };
		0D62487324C3DB3E0085C195 /* PhysicalSymptoms.swift in Sources */ = {isa = PBXBuildFile; fileRef = 0D62487224C3DB3E0085C195 /* PhysicalSymptoms.swift */; };
		0D62487524C3DB570085C195 /* MentalSymptoms.swift in Sources */ = {isa = PBXBuildFile; fileRef = 0D62487424C3DB570085C195 /* MentalSymptoms.swift */; };
		0D62487724C3DB6A0085C195 /* SocialSymptoms.swift in Sources */ = {isa = PBXBuildFile; fileRef = 0D62487624C3DB6A0085C195 /* SocialSymptoms.swift */; };
		0D62487924C3DB780085C195 /* NewSymptom.swift in Sources */ = {isa = PBXBuildFile; fileRef = 0D62487824C3DB780085C195 /* NewSymptom.swift */; };
		0D62487C24C3DBA50085C195 /* TrackDiet.swift in Sources */ = {isa = PBXBuildFile; fileRef = 0D62487B24C3DBA50085C195 /* TrackDiet.swift */; };
		0D62487F24C3DBC00085C195 /* Questionaire.swift in Sources */ = {isa = PBXBuildFile; fileRef = 0D62487E24C3DBC00085C195 /* Questionaire.swift */; };
		0DE3D23A24C3D9590015A31C /* AppDelegate.swift in Sources */ = {isa = PBXBuildFile; fileRef = 0DE3D23924C3D9590015A31C /* AppDelegate.swift */; };
		0DE3D23C24C3D9590015A31C /* SceneDelegate.swift in Sources */ = {isa = PBXBuildFile; fileRef = 0DE3D23B24C3D9590015A31C /* SceneDelegate.swift */; };
		0DE3D23F24C3D9590015A31C /* Dementia_App.xcdatamodeld in Sources */ = {isa = PBXBuildFile; fileRef = 0DE3D23D24C3D9590015A31C /* Dementia_App.xcdatamodeld */; };
		0DE3D24124C3D9590015A31C /* ContentView.swift in Sources */ = {isa = PBXBuildFile; fileRef = 0DE3D24024C3D9590015A31C /* ContentView.swift */; };
		0DE3D24324C3D95A0015A31C /* Assets.xcassets in Resources */ = {isa = PBXBuildFile; fileRef = 0DE3D24224C3D95A0015A31C /* Assets.xcassets */; };
		0DE3D24624C3D95A0015A31C /* Preview Assets.xcassets in Resources */ = {isa = PBXBuildFile; fileRef = 0DE3D24524C3D95A0015A31C /* Preview Assets.xcassets */; };
		0DE3D24924C3D95A0015A31C /* LaunchScreen.storyboard in Resources */ = {isa = PBXBuildFile; fileRef = 0DE3D24724C3D95A0015A31C /* LaunchScreen.storyboard */; };
/* End PBXBuildFile section */

/* Begin PBXFileReference section */
		0D62486324C3DA600085C195 /* HomeView.swift */ = {isa = PBXFileReference; lastKnownFileType = sourcecode.swift; path = HomeView.swift; sourceTree = "<group>"; };
		0D62486524C3DA800085C195 /* ReportsView.swift */ = {isa = PBXFileReference; lastKnownFileType = sourcecode.swift; path = ReportsView.swift; sourceTree = "<group>"; };
		0D62486724C3DA920085C195 /* SettingsView.swift */ = {isa = PBXFileReference; lastKnownFileType = sourcecode.swift; path = SettingsView.swift; sourceTree = "<group>"; };
		0D62486A24C3DAB50085C195 /* BigCategories.swift */ = {isa = PBXFileReference; lastKnownFileType = sourcecode.swift; path = BigCategories.swift; sourceTree = "<group>"; };
		0D62486C24C3DAC60085C195 /* Physical.swift */ = {isa = PBXFileReference; lastKnownFileType = sourcecode.swift; path = Physical.swift; sourceTree = "<group>"; };
		0D62486E24C3DAD40085C195 /* Mental.swift */ = {isa = PBXFileReference; lastKnownFileType = sourcecode.swift; path = Mental.swift; sourceTree = "<group>"; };
		0D62487024C3DB2A0085C195 /* Social.swift */ = {isa = PBXFileReference; lastKnownFileType = sourcecode.swift; path = Social.swift; sourceTree = "<group>"; };
		0D62487224C3DB3E0085C195 /* PhysicalSymptoms.swift */ = {isa = PBXFileReference; lastKnownFileType = sourcecode.swift; path = PhysicalSymptoms.swift; sourceTree = "<group>"; };
		0D62487424C3DB570085C195 /* MentalSymptoms.swift */ = {isa = PBXFileReference; lastKnownFileType = sourcecode.swift; path = MentalSymptoms.swift; sourceTree = "<group>"; };
		0D62487624C3DB6A0085C195 /* SocialSymptoms.swift */ = {isa = PBXFileReference; lastKnownFileType = sourcecode.swift; path = SocialSymptoms.swift; sourceTree = "<group>"; };
		0D62487824C3DB780085C195 /* NewSymptom.swift */ = {isa = PBXFileReference; lastKnownFileType = sourcecode.swift; path = NewSymptom.swift; sourceTree = "<group>"; };
		0D62487B24C3DBA50085C195 /* TrackDiet.swift */ = {isa = PBXFileReference; lastKnownFileType = sourcecode.swift; path = TrackDiet.swift; sourceTree = "<group>"; };
		0D62487E24C3DBC00085C195 /* Questionaire.swift */ = {isa = PBXFileReference; lastKnownFileType = sourcecode.swift; path = Questionaire.swift; sourceTree = "<group>"; };
		0DE3D23624C3D9590015A31C /* Dementia-App.app */ = {isa = PBXFileReference; explicitFileType = wrapper.application; includeInIndex = 0; path = "Dementia-App.app"; sourceTree = BUILT_PRODUCTS_DIR; };
		0DE3D23924C3D9590015A31C /* AppDelegate.swift */ = {isa = PBXFileReference; lastKnownFileType = sourcecode.swift; path = AppDelegate.swift; sourceTree = "<group>"; };
		0DE3D23B24C3D9590015A31C /* SceneDelegate.swift */ = {isa = PBXFileReference; lastKnownFileType = sourcecode.swift; path = SceneDelegate.swift; sourceTree = "<group>"; };
		0DE3D23E24C3D9590015A31C /* Dementia_App.xcdatamodel */ = {isa = PBXFileReference; lastKnownFileType = wrapper.xcdatamodel; path = Dementia_App.xcdatamodel; sourceTree = "<group>"; };
		0DE3D24024C3D9590015A31C /* ContentView.swift */ = {isa = PBXFileReference; lastKnownFileType = sourcecode.swift; path = ContentView.swift; sourceTree = "<group>"; };
		0DE3D24224C3D95A0015A31C /* Assets.xcassets */ = {isa = PBXFileReference; lastKnownFileType = folder.assetcatalog; path = Assets.xcassets; sourceTree = "<group>"; };
		0DE3D24524C3D95A0015A31C /* Preview Assets.xcassets */ = {isa = PBXFileReference; lastKnownFileType = folder.assetcatalog; path = "Preview Assets.xcassets"; sourceTree = "<group>"; };
		0DE3D24824C3D95A0015A31C /* Base */ = {isa = PBXFileReference; lastKnownFileType = file.storyboard; name = Base; path = Base.lproj/LaunchScreen.storyboard; sourceTree = "<group>"; };
		0DE3D24A24C3D95A0015A31C /* Info.plist */ = {isa = PBXFileReference; lastKnownFileType = text.plist.xml; path = Info.plist; sourceTree = "<group>"; };
/* End PBXFileReference section */

/* Begin PBXFrameworksBuildPhase section */
		0DE3D23324C3D9590015A31C /* Frameworks */ = {
			isa = PBXFrameworksBuildPhase;
			buildActionMask = 2147483647;
			files = (
			);
			runOnlyForDeploymentPostprocessing = 0;
		};
/* End PBXFrameworksBuildPhase section */

/* Begin PBXGroup section */
		0D62486224C3DA430085C195 /* Main Views */ = {
			isa = PBXGroup;
			children = (
				0D62486324C3DA600085C195 /* HomeView.swift */,
				0D62486524C3DA800085C195 /* ReportsView.swift */,
				0D62486724C3DA920085C195 /* SettingsView.swift */,
			);
			path = "Main Views";
			sourceTree = "<group>";
		};
		0D62486924C3DAA00085C195 /* Symptoms */ = {
			isa = PBXGroup;
			children = (
				0D62486A24C3DAB50085C195 /* BigCategories.swift */,
				0D62486C24C3DAC60085C195 /* Physical.swift */,
				0D62486E24C3DAD40085C195 /* Mental.swift */,
				0D62487024C3DB2A0085C195 /* Social.swift */,
				0D62487224C3DB3E0085C195 /* PhysicalSymptoms.swift */,
				0D62487424C3DB570085C195 /* MentalSymptoms.swift */,
				0D62487624C3DB6A0085C195 /* SocialSymptoms.swift */,
				0D62487824C3DB780085C195 /* NewSymptom.swift */,
			);
			path = Symptoms;
			sourceTree = "<group>";
		};
		0D62487A24C3DB970085C195 /* Diet */ = {
			isa = PBXGroup;
			children = (
				0D62487B24C3DBA50085C195 /* TrackDiet.swift */,
			);
			path = Diet;
			sourceTree = "<group>";
		};
		0D62487D24C3DBB30085C195 /* Brain Train */ = {
			isa = PBXGroup;
			children = (
				0D62487E24C3DBC00085C195 /* Questionaire.swift */,
			);
			path = "Brain Train";
			sourceTree = "<group>";
		};
		0DE3D22D24C3D9590015A31C = {
			isa = PBXGroup;
			children = (
				0DE3D23824C3D9590015A31C /* Dementia-App */,
				0DE3D23724C3D9590015A31C /* Products */,
			);
			sourceTree = "<group>";
		};
		0DE3D23724C3D9590015A31C /* Products */ = {
			isa = PBXGroup;
			children = (
				0DE3D23624C3D9590015A31C /* Dementia-App.app */,
			);
			name = Products;
			sourceTree = "<group>";
		};
		0DE3D23824C3D9590015A31C /* Dementia-App */ = {
			isa = PBXGroup;
			children = (
				0DE3D23924C3D9590015A31C /* AppDelegate.swift */,
				0DE3D23B24C3D9590015A31C /* SceneDelegate.swift */,
				0DE3D24024C3D9590015A31C /* ContentView.swift */,
				0D62486224C3DA430085C195 /* Main Views */,
				0D62486924C3DAA00085C195 /* Symptoms */,
				0D62487A24C3DB970085C195 /* Diet */,
				0D62487D24C3DBB30085C195 /* Brain Train */,
				0DE3D24224C3D95A0015A31C /* Assets.xcassets */,
				0DE3D24724C3D95A0015A31C /* LaunchScreen.storyboard */,
				0DE3D24A24C3D95A0015A31C /* Info.plist */,
				0DE3D23D24C3D9590015A31C /* Dementia_App.xcdatamodeld */,
				0DE3D24424C3D95A0015A31C /* Preview Content */,
			);
			path = "Dementia-App";
			sourceTree = "<group>";
		};
		0DE3D24424C3D95A0015A31C /* Preview Content */ = {
			isa = PBXGroup;
			children = (
				0DE3D24524C3D95A0015A31C /* Preview Assets.xcassets */,
			);
			path = "Preview Content";
			sourceTree = "<group>";
		};
/* End PBXGroup section */

/* Begin PBXNativeTarget section */
		0DE3D23524C3D9590015A31C /* Dementia-App */ = {
			isa = PBXNativeTarget;
			buildConfigurationList = 0DE3D24D24C3D95A0015A31C /* Build configuration list for PBXNativeTarget "Dementia-App" */;
			buildPhases = (
				0DE3D23224C3D9590015A31C /* Sources */,
				0DE3D23324C3D9590015A31C /* Frameworks */,
				0DE3D23424C3D9590015A31C /* Resources */,
			);
			buildRules = (
			);
			dependencies = (
			);
			name = "Dementia-App";
			productName = "Dementia-App";
			productReference = 0DE3D23624C3D9590015A31C /* Dementia-App.app */;
			productType = "com.apple.product-type.application";
		};
/* End PBXNativeTarget section */

/* Begin PBXProject section */
		0DE3D22E24C3D9590015A31C /* Project object */ = {
			isa = PBXProject;
			attributes = {
				LastSwiftUpdateCheck = 1150;
				LastUpgradeCheck = 1150;
				ORGANIZATIONNAME = "Neuroscience Amador Valley";
				TargetAttributes = {
					0DE3D23524C3D9590015A31C = {
						CreatedOnToolsVersion = 11.5;
					};
				};
			};
			buildConfigurationList = 0DE3D23124C3D9590015A31C /* Build configuration list for PBXProject "Dementia-App" */;
			compatibilityVersion = "Xcode 9.3";
			developmentRegion = en;
			hasScannedForEncodings = 0;
			knownRegions = (
				en,
				Base,
			);
			mainGroup = 0DE3D22D24C3D9590015A31C;
			productRefGroup = 0DE3D23724C3D9590015A31C /* Products */;
			projectDirPath = "";
			projectRoot = "";
			targets = (
				0DE3D23524C3D9590015A31C /* Dementia-App */,
			);
		};
/* End PBXProject section */

/* Begin PBXResourcesBuildPhase section */
		0DE3D23424C3D9590015A31C /* Resources */ = {
			isa = PBXResourcesBuildPhase;
			buildActionMask = 2147483647;
			files = (
				0DE3D24924C3D95A0015A31C /* LaunchScreen.storyboard in Resources */,
				0DE3D24624C3D95A0015A31C /* Preview Assets.xcassets in Resources */,
				0DE3D24324C3D95A0015A31C /* Assets.xcassets in Resources */,
			);
			runOnlyForDeploymentPostprocessing = 0;
		};
/* End PBXResourcesBuildPhase section */

/* Begin PBXSourcesBuildPhase section */
		0DE3D23224C3D9590015A31C /* Sources */ = {
			isa = PBXSourcesBuildPhase;
			buildActionMask = 2147483647;
			files = (
				0D62486824C3DA920085C195 /* SettingsView.swift in Sources */,
				0DE3D23A24C3D9590015A31C /* AppDelegate.swift in Sources */,
				0D62486F24C3DAD40085C195 /* Mental.swift in Sources */,
				0D62487924C3DB780085C195 /* NewSymptom.swift in Sources */,
				0D62487524C3DB570085C195 /* MentalSymptoms.swift in Sources */,
				0D62487C24C3DBA50085C195 /* TrackDiet.swift in Sources */,
				0DE3D23F24C3D9590015A31C /* Dementia_App.xcdatamodeld in Sources */,
				0DE3D24124C3D9590015A31C /* ContentView.swift in Sources */,
				0D62486424C3DA600085C195 /* HomeView.swift in Sources */,
				0D62487124C3DB2A0085C195 /* Social.swift in Sources */,
				0D62486624C3DA800085C195 /* ReportsView.swift in Sources */,
				0D62486B24C3DAB50085C195 /* BigCategories.swift in Sources */,
				0D62487724C3DB6A0085C195 /* SocialSymptoms.swift in Sources */,
				0D62486D24C3DAC60085C195 /* Physical.swift in Sources */,
				0D62487F24C3DBC00085C195 /* Questionaire.swift in Sources */,
				0D62487324C3DB3E0085C195 /* PhysicalSymptoms.swift in Sources */,
				0DE3D23C24C3D9590015A31C /* SceneDelegate.swift in Sources */,
			);
			runOnlyForDeploymentPostprocessing = 0;
		};
/* End PBXSourcesBuildPhase section */

/* Begin PBXVariantGroup section */
		0DE3D24724C3D95A0015A31C /* LaunchScreen.storyboard */ = {
			isa = PBXVariantGroup;
			children = (
				0DE3D24824C3D95A0015A31C /* Base */,
			);
			name = LaunchScreen.storyboard;
			sourceTree = "<group>";
		};
/* End PBXVariantGroup section */

/* Begin XCBuildConfiguration section */
		0DE3D24B24C3D95A0015A31C /* Debug */ = {
			isa = XCBuildConfiguration;
			buildSettings = {
				ALWAYS_SEARCH_USER_PATHS = NO;
				CLANG_ANALYZER_NONNULL = YES;
				CLANG_ANALYZER_NUMBER_OBJECT_CONVERSION = YES_AGGRESSIVE;
				CLANG_CXX_LANGUAGE_STANDARD = "gnu++14";
				CLANG_CXX_LIBRARY = "libc++";
				CLANG_ENABLE_MODULES = YES;
				CLANG_ENABLE_OBJC_ARC = YES;
				CLANG_ENABLE_OBJC_WEAK = YES;
				CLANG_WARN_BLOCK_CAPTURE_AUTORELEASING = YES;
				CLANG_WARN_BOOL_CONVERSION = YES;
				CLANG_WARN_COMMA = YES;
				CLANG_WARN_CONSTANT_CONVERSION = YES;
				CLANG_WARN_DEPRECATED_OBJC_IMPLEMENTATIONS = YES;
				CLANG_WARN_DIRECT_OBJC_ISA_USAGE = YES_ERROR;
				CLANG_WARN_DOCUMENTATION_COMMENTS = YES;
				CLANG_WARN_EMPTY_BODY = YES;
				CLANG_WARN_ENUM_CONVERSION = YES;
				CLANG_WARN_INFINITE_RECURSION = YES;
				CLANG_WARN_INT_CONVERSION = YES;
				CLANG_WARN_NON_LITERAL_NULL_CONVERSION = YES;
				CLANG_WARN_OBJC_IMPLICIT_RETAIN_SELF = YES;
				CLANG_WARN_OBJC_LITERAL_CONVERSION = YES;
				CLANG_WARN_OBJC_ROOT_CLASS = YES_ERROR;
				CLANG_WARN_RANGE_LOOP_ANALYSIS = YES;
				CLANG_WARN_STRICT_PROTOTYPES = YES;
				CLANG_WARN_SUSPICIOUS_MOVE = YES;
				CLANG_WARN_UNGUARDED_AVAILABILITY = YES_AGGRESSIVE;
				CLANG_WARN_UNREACHABLE_CODE = YES;
				CLANG_WARN__DUPLICATE_METHOD_MATCH = YES;
				COPY_PHASE_STRIP = NO;
				DEBUG_INFORMATION_FORMAT = dwarf;
				ENABLE_STRICT_OBJC_MSGSEND = YES;
				ENABLE_TESTABILITY = YES;
				GCC_C_LANGUAGE_STANDARD = gnu11;
				GCC_DYNAMIC_NO_PIC = NO;
				GCC_NO_COMMON_BLOCKS = YES;
				GCC_OPTIMIZATION_LEVEL = 0;
				GCC_PREPROCESSOR_DEFINITIONS = (
					"DEBUG=1",
					"$(inherited)",
				);
				GCC_WARN_64_TO_32_BIT_CONVERSION = YES;
				GCC_WARN_ABOUT_RETURN_TYPE = YES_ERROR;
				GCC_WARN_UNDECLARED_SELECTOR = YES;
				GCC_WARN_UNINITIALIZED_AUTOS = YES_AGGRESSIVE;
				GCC_WARN_UNUSED_FUNCTION = YES;
				GCC_WARN_UNUSED_VARIABLE = YES;
				IPHONEOS_DEPLOYMENT_TARGET = 13.5;
				MTL_ENABLE_DEBUG_INFO = INCLUDE_SOURCE;
				MTL_FAST_MATH = YES;
				ONLY_ACTIVE_ARCH = YES;
				SDKROOT = iphoneos;
				SWIFT_ACTIVE_COMPILATION_CONDITIONS = DEBUG;
				SWIFT_OPTIMIZATION_LEVEL = "-Onone";
			};
			name = Debug;
		};
		0DE3D24C24C3D95A0015A31C /* Release */ = {
			isa = XCBuildConfiguration;
			buildSettings = {
				ALWAYS_SEARCH_USER_PATHS = NO;
				CLANG_ANALYZER_NONNULL = YES;
				CLANG_ANALYZER_NUMBER_OBJECT_CONVERSION = YES_AGGRESSIVE;
				CLANG_CXX_LANGUAGE_STANDARD = "gnu++14";
				CLANG_CXX_LIBRARY = "libc++";
				CLANG_ENABLE_MODULES = YES;
				CLANG_ENABLE_OBJC_ARC = YES;
				CLANG_ENABLE_OBJC_WEAK = YES;
				CLANG_WARN_BLOCK_CAPTURE_AUTORELEASING = YES;
				CLANG_WARN_BOOL_CONVERSION = YES;
				CLANG_WARN_COMMA = YES;
				CLANG_WARN_CONSTANT_CONVERSION = YES;
				CLANG_WARN_DEPRECATED_OBJC_IMPLEMENTATIONS = YES;
				CLANG_WARN_DIRECT_OBJC_ISA_USAGE = YES_ERROR;
				CLANG_WARN_DOCUMENTATION_COMMENTS = YES;
				CLANG_WARN_EMPTY_BODY = YES;
				CLANG_WARN_ENUM_CONVERSION = YES;
				CLANG_WARN_INFINITE_RECURSION = YES;
				CLANG_WARN_INT_CONVERSION = YES;
				CLANG_WARN_NON_LITERAL_NULL_CONVERSION = YES;
				CLANG_WARN_OBJC_IMPLICIT_RETAIN_SELF = YES;
				CLANG_WARN_OBJC_LITERAL_CONVERSION = YES;
				CLANG_WARN_OBJC_ROOT_CLASS = YES_ERROR;
				CLANG_WARN_RANGE_LOOP_ANALYSIS = YES;
				CLANG_WARN_STRICT_PROTOTYPES = YES;
				CLANG_WARN_SUSPICIOUS_MOVE = YES;
				CLANG_WARN_UNGUARDED_AVAILABILITY = YES_AGGRESSIVE;
				CLANG_WARN_UNREACHABLE_CODE = YES;
				CLANG_WARN__DUPLICATE_METHOD_MATCH = YES;
				COPY_PHASE_STRIP = NO;
				DEBUG_INFORMATION_FORMAT = "dwarf-with-dsym";
				ENABLE_NS_ASSERTIONS = NO;
				ENABLE_STRICT_OBJC_MSGSEND = YES;
				GCC_C_LANGUAGE_STANDARD = gnu11;
				GCC_NO_COMMON_BLOCKS = YES;
				GCC_WARN_64_TO_32_BIT_CONVERSION = YES;
				GCC_WARN_ABOUT_RETURN_TYPE = YES_ERROR;
				GCC_WARN_UNDECLARED_SELECTOR = YES;
				GCC_WARN_UNINITIALIZED_AUTOS = YES_AGGRESSIVE;
				GCC_WARN_UNUSED_FUNCTION = YES;
				GCC_WARN_UNUSED_VARIABLE = YES;
				IPHONEOS_DEPLOYMENT_TARGET = 13.5;
				MTL_ENABLE_DEBUG_INFO = NO;
				MTL_FAST_MATH = YES;
				SDKROOT = iphoneos;
				SWIFT_COMPILATION_MODE = wholemodule;
				SWIFT_OPTIMIZATION_LEVEL = "-O";
				VALIDATE_PRODUCT = YES;
			};
			name = Release;
		};
		0DE3D24E24C3D95A0015A31C /* Debug */ = {
			isa = XCBuildConfiguration;
			buildSettings = {
				ASSETCATALOG_COMPILER_APPICON_NAME = AppIcon;
				CODE_SIGN_STYLE = Automatic;
				DEVELOPMENT_ASSET_PATHS = "\"Dementia-App/Preview Content\"";
				DEVELOPMENT_TEAM = WP8HPDQXJL;
				ENABLE_PREVIEWS = YES;
				INFOPLIST_FILE = "Dementia-App/Info.plist";
				LD_RUNPATH_SEARCH_PATHS = (
					"$(inherited)",
					"@executable_path/Frameworks",
				);
				PRODUCT_BUNDLE_IDENTIFIER = "com.neuroscience.Dementia-App";
				PRODUCT_NAME = "$(TARGET_NAME)";
				SWIFT_VERSION = 5.0;
				TARGETED_DEVICE_FAMILY = "1,2";
			};
			name = Debug;
		};
		0DE3D24F24C3D95A0015A31C /* Release */ = {
			isa = XCBuildConfiguration;
			buildSettings = {
				ASSETCATALOG_COMPILER_APPICON_NAME = AppIcon;
				CODE_SIGN_STYLE = Automatic;
				DEVELOPMENT_ASSET_PATHS = "\"Dementia-App/Preview Content\"";
				DEVELOPMENT_TEAM = WP8HPDQXJL;
				ENABLE_PREVIEWS = YES;
				INFOPLIST_FILE = "Dementia-App/Info.plist";
				LD_RUNPATH_SEARCH_PATHS = (
					"$(inherited)",
					"@executable_path/Frameworks",
				);
				PRODUCT_BUNDLE_IDENTIFIER = "com.neuroscience.Dementia-App";
				PRODUCT_NAME = "$(TARGET_NAME)";
				SWIFT_VERSION = 5.0;
				TARGETED_DEVICE_FAMILY = "1,2";
			};
			name = Release;
		};
/* End XCBuildConfiguration section */

/* Begin XCConfigurationList section */
		0DE3D23124C3D9590015A31C /* Build configuration list for PBXProject "Dementia-App" */ = {
			isa = XCConfigurationList;
			buildConfigurations = (
				0DE3D24B24C3D95A0015A31C /* Debug */,
				0DE3D24C24C3D95A0015A31C /* Release */,
			);
			defaultConfigurationIsVisible = 0;
			defaultConfigurationName = Release;
		};
		0DE3D24D24C3D95A0015A31C /* Build configuration list for PBXNativeTarget "Dementia-App" */ = {
			isa = XCConfigurationList;
			buildConfigurations = (
				0DE3D24E24C3D95A0015A31C /* Debug */,
				0DE3D24F24C3D95A0015A31C /* Release */,
			);
			defaultConfigurationIsVisible = 0;
			defaultConfigurationName = Release;
		};
/* End XCConfigurationList section */

/* Begin XCVersionGroup section */
		0DE3D23D24C3D9590015A31C /* Dementia_App.xcdatamodeld */ = {
			isa = XCVersionGroup;
			children = (
				0DE3D23E24C3D9590015A31C /* Dementia_App.xcdatamodel */,
			);
			currentVersion = 0DE3D23E24C3D9590015A31C /* Dementia_App.xcdatamodel */;
			path = Dementia_App.xcdatamodeld;
			sourceTree = "<group>";
			versionGroupType = wrapper.xcdatamodel;
		};
/* End XCVersionGroup section */
	};
	rootObject = 0DE3D22E24C3D9590015A31C /* Project object */;
}
